PODS:
  - BlocksKit (2.2.5):
    - BlocksKit/All (= 2.2.5)
  - BlocksKit/All (2.2.5):
    - BlocksKit/Core
    - BlocksKit/DynamicDelegate
    - BlocksKit/MessageUI
    - BlocksKit/UIKit
  - BlocksKit/Core (2.2.5)
  - BlocksKit/DynamicDelegate (2.2.5)
  - BlocksKit/MessageUI (2.2.5):
    - BlocksKit/Core
    - BlocksKit/DynamicDelegate
  - BlocksKit/UIKit (2.2.5):
    - BlocksKit/Core
    - BlocksKit/DynamicDelegate
  - DKCircleButton (1.1)
  - MagicalRecord (2.2):
    - MagicalRecord/Core (= 2.2)
  - MagicalRecord/Core (2.2)
  - Timepiece (0.2.0)
  - XLForm (2.2.0)

DEPENDENCIES:
  - BlocksKit
  - DKCircleButton (from `https://github.com/tomomura/DKCircleButton.git`, branch
    `use-storyboard`)
  - MagicalRecord
  - Timepiece
  - XLForm

EXTERNAL SOURCES:
  DKCircleButton:
    :branch: use-storyboard
    :git: https://github.com/tomomura/DKCircleButton.git

CHECKOUT OPTIONS:
  DKCircleButton:
    :commit: bddfcd8e83e57f9189ea6af94f82c770b96d3750
    :git: https://github.com/tomomura/DKCircleButton.git

SPEC CHECKSUMS:
  BlocksKit: 7f422b971407001178d181a43b99014ea2591fe6
  DKCircleButton: 62564c9debae08ad77dabb8d9658dfeb5520f2c4
  MagicalRecord: f8a56bb87ab6552f20c4bb8681a1958a197ea3cd
  Timepiece: 0977b56f172f492b026bed7e686edd0c5573d72a
  XLForm: 799e61ef230f519914e722bf032b19a597223c19

COCOAPODS: 0.36.3
